// !$*UTF8*$!
{
	archiveVersion = 1;
	classes = {
	};
	objectVersion = 56;
	objects = {

/* Begin PBXBuildFile section */
		CE8E73862ACEB02000B64A67 /* Counter.swift in Sources */ = {isa = PBXBuildFile; fileRef = CE8E73842ACEB02000B64A67 /* Counter.swift */; };
		CE8E73872ACEB02000B64A67 /* Calculator.swift in Sources */ = {isa = PBXBuildFile; fileRef = CE8E73852ACEB02000B64A67 /* Calculator.swift */; };
		CEAA7F242A77F24E0095678C /* AppDelegate.swift in Sources */ = {isa = PBXBuildFile; fileRef = CEAA7F232A77F24E0095678C /* AppDelegate.swift */; };
		CEAA7F262A77F24E0095678C /* SceneDelegate.swift in Sources */ = {isa = PBXBuildFile; fileRef = CEAA7F252A77F24E0095678C /* SceneDelegate.swift */; };
		CEAA7F282A77F24E0095678C /* ViewController.swift in Sources */ = {isa = PBXBuildFile; fileRef = CEAA7F272A77F24E0095678C /* ViewController.swift */; };
		CEAA7F2B2A77F24E0095678C /* Main.storyboard in Resources */ = {isa = PBXBuildFile; fileRef = CEAA7F292A77F24E0095678C /* Main.storyboard */; };
		CEAA7F2D2A77F24F0095678C /* Assets.xcassets in Resources */ = {isa = PBXBuildFile; fileRef = CEAA7F2C2A77F24F0095678C /* Assets.xcassets */; };
		CEAA7F302A77F24F0095678C /* LaunchScreen.storyboard in Resources */ = {isa = PBXBuildFile; fileRef = CEAA7F2E2A77F24F0095678C /* LaunchScreen.storyboard */; };
		CEAA7F382A77F8570095678C /* CounterViewController.swift in Sources */ = {isa = PBXBuildFile; fileRef = CEAA7F372A77F8570095678C /* CounterViewController.swift */; };
/* End PBXBuildFile section */

/* Begin PBXFileReference section */
		CE8E73842ACEB02000B64A67 /* Counter.swift */ = {isa = PBXFileReference; fileEncoding = 4; lastKnownFileType = sourcecode.swift; path = Counter.swift; sourceTree = "<group>"; };
		CE8E73852ACEB02000B64A67 /* Calculator.swift */ = {isa = PBXFileReference; fileEncoding = 4; lastKnownFileType = sourcecode.swift; path = Calculator.swift; sourceTree = "<group>"; };
		CEAA7F202A77F24E0095678C /* UIKitTema.app */ = {isa = PBXFileReference; explicitFileType = wrapper.application; includeInIndex = 0; path = UIKitTema.app; sourceTree = BUILT_PRODUCTS_DIR; };
		CEAA7F232A77F24E0095678C /* AppDelegate.swift */ = {isa = PBXFileReference; lastKnownFileType = sourcecode.swift; path = AppDelegate.swift; sourceTree = "<group>"; };
		CEAA7F252A77F24E0095678C /* SceneDelegate.swift */ = {isa = PBXFileReference; lastKnownFileType = sourcecode.swift; path = SceneDelegate.swift; sourceTree = "<group>"; };
		CEAA7F272A77F24E0095678C /* ViewController.swift */ = {isa = PBXFileReference; lastKnownFileType = sourcecode.swift; path = ViewController.swift; sourceTree = "<group>"; };
		CEAA7F2A2A77F24E0095678C /* Base */ = {isa = PBXFileReference; lastKnownFileType = file.storyboard; name = Base; path = Base.lproj/Main.storyboard; sourceTree = "<group>"; };
		CEAA7F2C2A77F24F0095678C /* Assets.xcassets */ = {isa = PBXFileReference; lastKnownFileType = folder.assetcatalog; path = Assets.xcassets; sourceTree = "<group>"; };
		CEAA7F2F2A77F24F0095678C /* Base */ = {isa = PBXFileReference; lastKnownFileType = file.storyboard; name = Base; path = Base.lproj/LaunchScreen.storyboard; sourceTree = "<group>"; };
		CEAA7F312A77F24F0095678C /* Info.plist */ = {isa = PBXFileReference; lastKnownFileType = text.plist.xml; path = Info.plist; sourceTree = "<group>"; };
		CEAA7F372A77F8570095678C /* CounterViewController.swift */ = {isa = PBXFileReference; lastKnownFileType = sourcecode.swift; path = CounterViewController.swift; sourceTree = "<group>"; };
/* End PBXFileReference section */

/* Begin PBXFrameworksBuildPhase section */
		CEAA7F1D2A77F24E0095678C /* Frameworks */ = {
			isa = PBXFrameworksBuildPhase;
			buildActionMask = 2147483647;
			files = (
			);
			runOnlyForDeploymentPostprocessing = 0;
		};
/* End PBXFrameworksBuildPhase section */

/* Begin PBXGroup section */
		CEAA7F172A77F24E0095678C = {
			isa = PBXGroup;
			children = (
				CEAA7F222A77F24E0095678C /* UIKitTema */,
				CEAA7F212A77F24E0095678C /* Products */,
			);
			sourceTree = "<group>";
		};
		CEAA7F212A77F24E0095678C /* Products */ = {
			isa = PBXGroup;
			children = (
				CEAA7F202A77F24E0095678C /* UIKitTema.app */,
			);
			name = Products;
			sourceTree = "<group>";
		};
		CEAA7F222A77F24E0095678C /* UIKitTema */ = {
			isa = PBXGroup;
			children = (
				CEAA7F232A77F24E0095678C /* AppDelegate.swift */,
				CEAA7F252A77F24E0095678C /* SceneDelegate.swift */,
				CEAA7F292A77F24E0095678C /* Main.storyboard */,
				CEAA7F2C2A77F24F0095678C /* Assets.xcassets */,
				CEAA7F2E2A77F24F0095678C /* LaunchScreen.storyboard */,
				CEAA7F312A77F24F0095678C /* Info.plist */,
				CEAA7F272A77F24E0095678C /* ViewController.swift */,
				CEAA7F372A77F8570095678C /* CounterViewController.swift */,
				CE8E73852ACEB02000B64A67 /* Calculator.swift */,
				CE8E73842ACEB02000B64A67 /* Counter.swift */,
			);
			path = UIKitTema;
			sourceTree = "<group>";
		};
/* End PBXGroup section */

/* Begin PBXNativeTarget section */
		CEAA7F1F2A77F24E0095678C /* UIKitTema */ = {
			isa = PBXNativeTarget;
			buildConfigurationList = CEAA7F342A77F24F0095678C /* Build configuration list for PBXNativeTarget "UIKitTema" */;
			buildPhases = (
				CEAA7F1C2A77F24E0095678C /* Sources */,
				CEAA7F1D2A77F24E0095678C /* Frameworks */,
				CEAA7F1E2A77F24E0095678C /* Resources */,
			);
			buildRules = (
			);
			dependencies = (
			);
			name = UIKitTema;
			productName = UIKitTema;
			productReference = CEAA7F202A77F24E0095678C /* UIKitTema.app */;
			productType = "com.apple.product-type.application";
		};
/* End PBXNativeTarget section */

/* Begin PBXProject section */
		CEAA7F182A77F24E0095678C /* Project object */ = {
			isa = PBXProject;
			attributes = {
				BuildIndependentTargetsInParallel = 1;
				LastSwiftUpdateCheck = 1430;
				LastUpgradeCheck = 1430;
				TargetAttributes = {
					CEAA7F1F2A77F24E0095678C = {
						CreatedOnToolsVersion = 14.3.1;
					};
				};
			};
			buildConfigurationList = CEAA7F1B2A77F24E0095678C /* Build configuration list for PBXProject "UIKitTema" */;
			compatibilityVersion = "Xcode 14.0";
			developmentRegion = en;
			hasScannedForEncodings = 0;
			knownRegions = (
				en,
				Base,
			);
			mainGroup = CEAA7F172A77F24E0095678C;
			productRefGroup = CEAA7F212A77F24E0095678C /* Products */;
			projectDirPath = "";
			projectRoot = "";
			targets = (
				CEAA7F1F2A77F24E0095678C /* UIKitTema */,
			);
		};
/* End PBXProject section */

/* Begin PBXResourcesBuildPhase section */
		CEAA7F1E2A77F24E0095678C /* Resources */ = {
			isa = PBXResourcesBuildPhase;
			buildActionMask = 2147483647;
			files = (
				CEAA7F302A77F24F0095678C /* LaunchScreen.storyboard in Resources */,
				CEAA7F2D2A77F24F0095678C /* Assets.xcassets in Resources */,
				CEAA7F2B2A77F24E0095678C /* Main.storyboard in Resources */,
			);
			runOnlyForDeploymentPostprocessing = 0;
		};
/* End PBXResourcesBuildPhase section */

/* Begin PBXSourcesBuildPhase section */
		CEAA7F1C2A77F24E0095678C /* Sources */ = {
			isa = PBXSourcesBuildPhase;
			buildActionMask = 2147483647;
			files = (
				CE8E73862ACEB02000B64A67 /* Counter.swift in Sources */,
				CEAA7F282A77F24E0095678C /* ViewController.swift in Sources */,
				CEAA7F382A77F8570095678C /* CounterViewController.swift in Sources */,
				CEAA7F242A77F24E0095678C /* AppDelegate.swift in Sources */,
				CEAA7F262A77F24E0095678C /* SceneDelegate.swift in Sources */,
				CE8E73872ACEB02000B64A67 /* Calculator.swift in Sources */,
			);
			runOnlyForDeploymentPostprocessing = 0;
		};
/* End PBXSourcesBuildPhase section */

/* Begin PBXVariantGroup section */
		CEAA7F292A77F24E0095678C /* Main.storyboard */ = {
			isa = PBXVariantGroup;
			children = (
				CEAA7F2A2A77F24E0095678C /* Base */,
			);
			name = Main.storyboard;
			sourceTree = "<group>";
		};
		CEAA7F2E2A77F24F0095678C /* LaunchScreen.storyboard */ = {
			isa = PBXVariantGroup;
			children = (
				CEAA7F2F2A77F24F0095678C /* Base */,
			);
			name = LaunchScreen.storyboard;
			sourceTree = "<group>";
		};
/* End PBXVariantGroup section */

/* Begin XCBuildConfiguration section */
		CEAA7F322A77F24F0095678C /* Debug */ = {
			isa = XCBuildConfiguration;
			buildSettings = {
				ALWAYS_SEARCH_USER_PATHS = NO;
				CLANG_ANALYZER_NONNULL = YES;
				CLANG_ANALYZER_NUMBER_OBJECT_CONVERSION = YES_AGGRESSIVE;
				CLANG_CXX_LANGUAGE_STANDARD = "gnu++20";
				CLANG_ENABLE_MODULES = YES;
				CLANG_ENABLE_OBJC_ARC = YES;
				CLANG_ENABLE_OBJC_WEAK = YES;
				CLANG_WARN_BLOCK_CAPTURE_AUTORELEASING = YES;
				CLANG_WARN_BOOL_CONVERSION = YES;
				CLANG_WARN_COMMA = YES;
				CLANG_WARN_CONSTANT_CONVERSION = YES;
				CLANG_WARN_DEPRECATED_OBJC_IMPLEMENTATIONS = YES;
				CLANG_WARN_DIRECT_OBJC_ISA_USAGE = YES_ERROR;
				CLANG_WARN_DOCUMENTATION_COMMENTS = YES;
				CLANG_WARN_EMPTY_BODY = YES;
				CLANG_WARN_ENUM_CONVERSION = YES;
				CLANG_WARN_INFINITE_RECURSION = YES;
				CLANG_WARN_INT_CONVERSION = YES;
				CLANG_WARN_NON_LITERAL_NULL_CONVERSION = YES;
				CLANG_WARN_OBJC_IMPLICIT_RETAIN_SELF = YES;
				CLANG_WARN_OBJC_LITERAL_CONVERSION = YES;
				CLANG_WARN_OBJC_ROOT_CLASS = YES_ERROR;
				CLANG_WARN_QUOTED_INCLUDE_IN_FRAMEWORK_HEADER = YES;
				CLANG_WARN_RANGE_LOOP_ANALYSIS = YES;
				CLANG_WARN_STRICT_PROTOTYPES = YES;
				CLANG_WARN_SUSPICIOUS_MOVE = YES;
				CLANG_WARN_UNGUARDED_AVAILABILITY = YES_AGGRESSIVE;
				CLANG_WARN_UNREACHABLE_CODE = YES;
				CLANG_WARN__DUPLICATE_METHOD_MATCH = YES;
				COPY_PHASE_STRIP = NO;
				DEBUG_INFORMATION_FORMAT = dwarf;
				ENABLE_STRICT_OBJC_MSGSEND = YES;
				ENABLE_TESTABILITY = YES;
				GCC_C_LANGUAGE_STANDARD = gnu11;
				GCC_DYNAMIC_NO_PIC = NO;
				GCC_NO_COMMON_BLOCKS = YES;
				GCC_OPTIMIZATION_LEVEL = 0;
				GCC_PREPROCESSOR_DEFINITIONS = (
					"DEBUG=1",
					"$(inherited)",
				);
				GCC_WARN_64_TO_32_BIT_CONVERSION = YES;
				GCC_WARN_ABOUT_RETURN_TYPE = YES_ERROR;
				GCC_WARN_UNDECLARED_SELECTOR = YES;
				GCC_WARN_UNINITIALIZED_AUTOS = YES_AGGRESSIVE;
				GCC_WARN_UNUSED_FUNCTION = YES;
				GCC_WARN_UNUSED_VARIABLE = YES;
				IPHONEOS_DEPLOYMENT_TARGET = 16.4;
				MTL_ENABLE_DEBUG_INFO = INCLUDE_SOURCE;
				MTL_FAST_MATH = YES;
				ONLY_ACTIVE_ARCH = YES;
				SDKROOT = iphoneos;
				SWIFT_ACTIVE_COMPILATION_CONDITIONS = DEBUG;
				SWIFT_OPTIMIZATION_LEVEL = "-Onone";
			};
			name = Debug;
		};
		CEAA7F332A77F24F0095678C /* Release */ = {
			isa = XCBuildConfiguration;
			buildSettings = {
				ALWAYS_SEARCH_USER_PATHS = NO;
				CLANG_ANALYZER_NONNULL = YES;
				CLANG_ANALYZER_NUMBER_OBJECT_CONVERSION = YES_AGGRESSIVE;
				CLANG_CXX_LANGUAGE_STANDARD = "gnu++20";
				CLANG_ENABLE_MODULES = YES;
				CLANG_ENABLE_OBJC_ARC = YES;
				CLANG_ENABLE_OBJC_WEAK = YES;
				CLANG_WARN_BLOCK_CAPTURE_AUTORELEASING = YES;
				CLANG_WARN_BOOL_CONVERSION = YES;
				CLANG_WARN_COMMA = YES;
				CLANG_WARN_CONSTANT_CONVERSION = YES;
				CLANG_WARN_DEPRECATED_OBJC_IMPLEMENTATIONS = YES;
				CLANG_WARN_DIRECT_OBJC_ISA_USAGE = YES_ERROR;
				CLANG_WARN_DOCUMENTATION_COMMENTS = YES;
				CLANG_WARN_EMPTY_BODY = YES;
				CLANG_WARN_ENUM_CONVERSION = YES;
				CLANG_WARN_INFINITE_RECURSION = YES;
				CLANG_WARN_INT_CONVERSION = YES;
				CLANG_WARN_NON_LITERAL_NULL_CONVERSION = YES;
				CLANG_WARN_OBJC_IMPLICIT_RETAIN_SELF = YES;
				CLANG_WARN_OBJC_LITERAL_CONVERSION = YES;
				CLANG_WARN_OBJC_ROOT_CLASS = YES_ERROR;
				CLANG_WARN_QUOTED_INCLUDE_IN_FRAMEWORK_HEADER = YES;
				CLANG_WARN_RANGE_LOOP_ANALYSIS = YES;
				CLANG_WARN_STRICT_PROTOTYPES = YES;
				CLANG_WARN_SUSPICIOUS_MOVE = YES;
				CLANG_WARN_UNGUARDED_AVAILABILITY = YES_AGGRESSIVE;
				CLANG_WARN_UNREACHABLE_CODE = YES;
				CLANG_WARN__DUPLICATE_METHOD_MATCH = YES;
				COPY_PHASE_STRIP = NO;
				DEBUG_INFORMATION_FORMAT = "dwarf-with-dsym";
				ENABLE_NS_ASSERTIONS = NO;
				ENABLE_STRICT_OBJC_MSGSEND = YES;
				GCC_C_LANGUAGE_STANDARD = gnu11;
				GCC_NO_COMMON_BLOCKS = YES;
				GCC_WARN_64_TO_32_BIT_CONVERSION = YES;
				GCC_WARN_ABOUT_RETURN_TYPE = YES_ERROR;
				GCC_WARN_UNDECLARED_SELECTOR = YES;
				GCC_WARN_UNINITIALIZED_AUTOS = YES_AGGRESSIVE;
				GCC_WARN_UNUSED_FUNCTION = YES;
				GCC_WARN_UNUSED_VARIABLE = YES;
				IPHONEOS_DEPLOYMENT_TARGET = 16.4;
				MTL_ENABLE_DEBUG_INFO = NO;
				MTL_FAST_MATH = YES;
				SDKROOT = iphoneos;
				SWIFT_COMPILATION_MODE = wholemodule;
				SWIFT_OPTIMIZATION_LEVEL = "-O";
				VALIDATE_PRODUCT = YES;
			};
			name = Release;
		};
		CEAA7F352A77F24F0095678C /* Debug */ = {
			isa = XCBuildConfiguration;
			buildSettings = {
				ASSETCATALOG_COMPILER_APPICON_NAME = AppIcon;
				ASSETCATALOG_COMPILER_GLOBAL_ACCENT_COLOR_NAME = AccentColor;
				CODE_SIGN_STYLE = Automatic;
				CURRENT_PROJECT_VERSION = 1;
				DEVELOPMENT_TEAM = A8ZA52TT2V;
				GENERATE_INFOPLIST_FILE = YES;
				INFOPLIST_FILE = UIKitTema/Info.plist;
				INFOPLIST_KEY_CFBundleDisplayName = "Calculator 2";
				INFOPLIST_KEY_UIApplicationSupportsIndirectInputEvents = YES;
				INFOPLIST_KEY_UILaunchStoryboardName = LaunchScreen;
				INFOPLIST_KEY_UIMainStoryboardFile = Main;
				INFOPLIST_KEY_UISupportedInterfaceOrientations_iPad = "UIInterfaceOrientationPortrait UIInterfaceOrientationPortraitUpsideDown UIInterfaceOrientationLandscapeLeft UIInterfaceOrientationLandscapeRight";
				INFOPLIST_KEY_UISupportedInterfaceOrientations_iPhone = "UIInterfaceOrientationPortrait UIInterfaceOrientationLandscapeLeft UIInterfaceOrientationLandscapeRight";
				LD_RUNPATH_SEARCH_PATHS = (
					"$(inherited)",
					"@executable_path/Frameworks",
				);
				MARKETING_VERSION = 1.0;
				PRODUCT_BUNDLE_IDENTIFIER = Tutorial.UIKitTema;
				PRODUCT_NAME = "$(TARGET_NAME)";
				SWIFT_EMIT_LOC_STRINGS = YES;
				SWIFT_VERSION = 5.0;
				TARGETED_DEVICE_FAMILY = "1,2";
			};
			name = Debug;
		};
		CEAA7F362A77F24F0095678C /* Release */ = {
			isa = XCBuildConfiguration;
			buildSettings = {
				ASSETCATALOG_COMPILER_APPICON_NAME = AppIcon;
				ASSETCATALOG_COMPILER_GLOBAL_ACCENT_COLOR_NAME = AccentColor;
				CODE_SIGN_STYLE = Automatic;
				CURRENT_PROJECT_VERSION = 1;
				DEVELOPMENT_TEAM = A8ZA52TT2V;
				GENERATE_INFOPLIST_FILE = YES;
				INFOPLIST_FILE = UIKitTema/Info.plist;
				INFOPLIST_KEY_CFBundleDisplayName = "Calculator 2";
				INFOPLIST_KEY_UIApplicationSupportsIndirectInputEvents = YES;
				INFOPLIST_KEY_UILaunchStoryboardName = LaunchScreen;
				INFOPLIST_KEY_UIMainStoryboardFile = Main;
				INFOPLIST_KEY_UISupportedInterfaceOrientations_iPad = "UIInterfaceOrientationPortrait UIInterfaceOrientationPortraitUpsideDown UIInterfaceOrientationLandscapeLeft UIInterfaceOrientationLandscapeRight";
				INFOPLIST_KEY_UISupportedInterfaceOrientations_iPhone = "UIInterfaceOrientationPortrait UIInterfaceOrientationLandscapeLeft UIInterfaceOrientationLandscapeRight";
				LD_RUNPATH_SEARCH_PATHS = (
					"$(inherited)",
					"@executable_path/Frameworks",
				);
				MARKETING_VERSION = 1.0;
				PRODUCT_BUNDLE_IDENTIFIER = Tutorial.UIKitTema;
				PRODUCT_NAME = "$(TARGET_NAME)";
				SWIFT_EMIT_LOC_STRINGS = YES;
				SWIFT_VERSION = 5.0;
				TARGETED_DEVICE_FAMILY = "1,2";
			};
			name = Release;
		};
/* End XCBuildConfiguration section */

/* Begin XCConfigurationList section */
		CEAA7F1B2A77F24E0095678C /* Build configuration list for PBXProject "UIKitTema" */ = {
			isa = XCConfigurationList;
			buildConfigurations = (
				CEAA7F322A77F24F0095678C /* Debug */,
				CEAA7F332A77F24F0095678C /* Release */,
			);
			defaultConfigurationIsVisible = 0;
			defaultConfigurationName = Release;
		};
		CEAA7F342A77F24F0095678C /* Build configuration list for PBXNativeTarget "UIKitTema" */ = {
			isa = XCConfigurationList;
			buildConfigurations = (
				CEAA7F352A77F24F0095678C /* Debug */,
				CEAA7F362A77F24F0095678C /* Release */,
			);
			defaultConfigurationIsVisible = 0;
			defaultConfigurationName = Release;
		};
/* End XCConfigurationList section */
	};
	rootObject = CEAA7F182A77F24E0095678C /* Project object */;
}
